
Microsoft Visual Studio Solution File, Format Version 12.00
# Visual Studio 15
VisualStudioVersion = 15.0.27130.2010
MinimumVisualStudioVersion = 10.0.40219.1
Project("{9A19103F-16F7-4668-BE54-9A1E7A4F7556}") = "temperature_generator", "temperature_generator\temperature_generator.csproj", "{5E5BD8A8-2048-43F1-B9FA-8B418BD14417}"
EndProject
Project("{2150E333-8FDC-42A3-9474-1A3956D46DE8}") = "SF apps", "SF apps", "{2405128B-DF95-4174-9F97-A315EE9FB2F7}"
EndProject
Project("{9A19103F-16F7-4668-BE54-9A1E7A4F7556}") = "eventhub_receiver", "eventhub_receiver\eventhub_receiver.csproj", "{4BA727DB-869B-4E55-9E4A-095A8863BA53}"
EndProject
Project("{9A19103F-16F7-4668-BE54-9A1E7A4F7556}") = "testapp", "testapp\testapp.csproj", "{329B4F6E-0197-4386-BBF5-D08DBC1B7483}"
EndProject
Project("{9A19103F-16F7-4668-BE54-9A1E7A4F7556}") = "vehicle_report_generator", "vehicle_report_generator\vehicle_report_generator.csproj", "{FE9AB097-9A93-4046-8260-5CDC9E32036B}"
EndProject
Project("{9A19103F-16F7-4668-BE54-9A1E7A4F7556}") = "servicebus_publisher", "servicebus_publisher\servicebus_publisher.csproj", "{2453B0BA-6680-438E-BEAB-BB1A5C4866BB}"
EndProject
Project("{9A19103F-16F7-4668-BE54-9A1E7A4F7556}") = "servicebus_receiver", "servicebus_receiver\servicebus_receiver.csproj", "{82A4CFC7-864B-4C9C-A7FD-7A829FE31E28}"
EndProject
Project("{9A19103F-16F7-4668-BE54-9A1E7A4F7556}") = "servicebuys_createsubwithfilter", "servicebuys_createsubwithfilter\servicebuys_createsubwithfilter.csproj", "{018091E2-7058-44F5-90E2-E5960969DD84}"
EndProject
Project("{FAE04EC0-301F-11D3-BF4B-00C04F79EFBC}") = "env", "env\env.csproj", "{F9113B9B-167E-4E78-A3FD-5FAE7062E48E}"
EndProject
Global
	GlobalSection(SolutionConfigurationPlatforms) = preSolution
		Debug|Any CPU = Debug|Any CPU
		Release|Any CPU = Release|Any CPU
	EndGlobalSection
	GlobalSection(ProjectConfigurationPlatforms) = postSolution
		{5E5BD8A8-2048-43F1-B9FA-8B418BD14417}.Debug|Any CPU.ActiveCfg = Debug|Any CPU
		{5E5BD8A8-2048-43F1-B9FA-8B418BD14417}.Debug|Any CPU.Build.0 = Debug|Any CPU
		{5E5BD8A8-2048-43F1-B9FA-8B418BD14417}.Release|Any CPU.ActiveCfg = Release|Any CPU
		{5E5BD8A8-2048-43F1-B9FA-8B418BD14417}.Release|Any CPU.Build.0 = Release|Any CPU
		{4BA727DB-869B-4E55-9E4A-095A8863BA53}.Debug|Any CPU.ActiveCfg = Debug|Any CPU
		{4BA727DB-869B-4E55-9E4A-095A8863BA53}.Debug|Any CPU.Build.0 = Debug|Any CPU
		{4BA727DB-869B-4E55-9E4A-095A8863BA53}.Release|Any CPU.ActiveCfg = Release|Any CPU
		{4BA727DB-869B-4E55-9E4A-095A8863BA53}.Release|Any CPU.Build.0 = Release|Any CPU
		{329B4F6E-0197-4386-BBF5-D08DBC1B7483}.Debug|Any CPU.ActiveCfg = Debug|Any CPU
		{329B4F6E-0197-4386-BBF5-D08DBC1B7483}.Debug|Any CPU.Build.0 = Debug|Any CPU
		{329B4F6E-0197-4386-BBF5-D08DBC1B7483}.Release|Any CPU.ActiveCfg = Release|Any CPU
		{329B4F6E-0197-4386-BBF5-D08DBC1B7483}.Release|Any CPU.Build.0 = Release|Any CPU
		{FE9AB097-9A93-4046-8260-5CDC9E32036B}.Debug|Any CPU.ActiveCfg = Debug|Any CPU
		{FE9AB097-9A93-4046-8260-5CDC9E32036B}.Debug|Any CPU.Build.0 = Debug|Any CPU
		{FE9AB097-9A93-4046-8260-5CDC9E32036B}.Release|Any CPU.ActiveCfg = Release|Any CPU
		{FE9AB097-9A93-4046-8260-5CDC9E32036B}.Release|Any CPU.Build.0 = Release|Any CPU
		{2453B0BA-6680-438E-BEAB-BB1A5C4866BB}.Debug|Any CPU.ActiveCfg = Debug|Any CPU
		{2453B0BA-6680-438E-BEAB-BB1A5C4866BB}.Debug|Any CPU.Build.0 = Debug|Any CPU
		{2453B0BA-6680-438E-BEAB-BB1A5C4866BB}.Release|Any CPU.ActiveCfg = Release|Any CPU
		{2453B0BA-6680-438E-BEAB-BB1A5C4866BB}.Release|Any CPU.Build.0 = Release|Any CPU
		{82A4CFC7-864B-4C9C-A7FD-7A829FE31E28}.Debug|Any CPU.ActiveCfg = Debug|Any CPU
		{82A4CFC7-864B-4C9C-A7FD-7A829FE31E28}.Debug|Any CPU.Build.0 = Debug|Any CPU
		{82A4CFC7-864B-4C9C-A7FD-7A829FE31E28}.Release|Any CPU.ActiveCfg = Release|Any CPU
		{82A4CFC7-864B-4C9C-A7FD-7A829FE31E28}.Release|Any CPU.Build.0 = Release|Any CPU
		{018091E2-7058-44F5-90E2-E5960969DD84}.Debug|Any CPU.ActiveCfg = Debug|Any CPU
		{018091E2-7058-44F5-90E2-E5960969DD84}.Debug|Any CPU.Build.0 = Debug|Any CPU
		{018091E2-7058-44F5-90E2-E5960969DD84}.Release|Any CPU.ActiveCfg = Release|Any CPU
		{018091E2-7058-44F5-90E2-E5960969DD84}.Release|Any CPU.Build.0 = Release|Any CPU
		{F9113B9B-167E-4E78-A3FD-5FAE7062E48E}.Debug|Any CPU.ActiveCfg = Debug|Any CPU
		{F9113B9B-167E-4E78-A3FD-5FAE7062E48E}.Debug|Any CPU.Build.0 = Debug|Any CPU
		{F9113B9B-167E-4E78-A3FD-5FAE7062E48E}.Release|Any CPU.ActiveCfg = Release|Any CPU
		{F9113B9B-167E-4E78-A3FD-5FAE7062E48E}.Release|Any CPU.Build.0 = Release|Any CPU
	EndGlobalSection
	GlobalSection(SolutionProperties) = preSolution
		HideSolutionNode = FALSE
	EndGlobalSection
	GlobalSection(NestedProjects) = preSolution
		{5E5BD8A8-2048-43F1-B9FA-8B418BD14417} = {2405128B-DF95-4174-9F97-A315EE9FB2F7}
		{4BA727DB-869B-4E55-9E4A-095A8863BA53} = {2405128B-DF95-4174-9F97-A315EE9FB2F7}
		{FE9AB097-9A93-4046-8260-5CDC9E32036B} = {2405128B-DF95-4174-9F97-A315EE9FB2F7}
		{2453B0BA-6680-438E-BEAB-BB1A5C4866BB} = {2405128B-DF95-4174-9F97-A315EE9FB2F7}
		{82A4CFC7-864B-4C9C-A7FD-7A829FE31E28} = {2405128B-DF95-4174-9F97-A315EE9FB2F7}
		{018091E2-7058-44F5-90E2-E5960969DD84} = {2405128B-DF95-4174-9F97-A315EE9FB2F7}
	EndGlobalSection
	GlobalSection(ExtensibilityGlobals) = postSolution
		SolutionGuid = {D9A051F7-EA8E-4292-9570-1AD85A1A56C5}
	EndGlobalSection
EndGlobal
